// !$*UTF8*$!
{
	archiveVersion = 1;
	classes = {
	};
	objectVersion = 46;
	objects = {

/* Begin PBXBuildFile section */
		D4054AED1C76AEEA00AB3D8A /* MessageUI.framework in Frameworks */ = {isa = PBXBuildFile; fileRef = D4054AEC1C76AEEA00AB3D8A /* MessageUI.framework */; };
		D47C4E6E1C760ECB00301C62 /* AppDelegate.swift in Sources */ = {isa = PBXBuildFile; fileRef = D47C4E6D1C760ECB00301C62 /* AppDelegate.swift */; };
		D47C4E701C760ECB00301C62 /* WelcomeViewController.swift in Sources */ = {isa = PBXBuildFile; fileRef = D47C4E6F1C760ECB00301C62 /* WelcomeViewController.swift */; };
		D47C4E731C760ECB00301C62 /* Main.storyboard in Resources */ = {isa = PBXBuildFile; fileRef = D47C4E711C760ECB00301C62 /* Main.storyboard */; };
		D47C4E751C760ECB00301C62 /* Assets.xcassets in Resources */ = {isa = PBXBuildFile; fileRef = D47C4E741C760ECB00301C62 /* Assets.xcassets */; };
		D47C4E781C760ECB00301C62 /* LaunchScreen.storyboard in Resources */ = {isa = PBXBuildFile; fileRef = D47C4E761C760ECB00301C62 /* LaunchScreen.storyboard */; };
		D47C4E831C760ECB00301C62 /* RTSTests.swift in Sources */ = {isa = PBXBuildFile; fileRef = D47C4E821C760ECB00301C62 /* RTSTests.swift */; };
		D47C4E8E1C760F1C00301C62 /* ReactivityViewController.swift in Sources */ = {isa = PBXBuildFile; fileRef = D47C4E8D1C760F1C00301C62 /* ReactivityViewController.swift */; };
		D47C4E901C76197E00301C62 /* AccidentsTableViewController.swift in Sources */ = {isa = PBXBuildFile; fileRef = D47C4E8F1C76197E00301C62 /* AccidentsTableViewController.swift */; };
		D47C4E921C761C8300301C62 /* UtopViewController.swift in Sources */ = {isa = PBXBuildFile; fileRef = D47C4E911C761C8300301C62 /* UtopViewController.swift */; };
		D47C4E941C761CA500301C62 /* UlohsViewController.swift in Sources */ = {isa = PBXBuildFile; fileRef = D47C4E931C761CA500301C62 /* UlohsViewController.swift */; };
		D47C4E961C761CBB00301C62 /* OvercoolingViewController.swift in Sources */ = {isa = PBXBuildFile; fileRef = D47C4E951C761CBB00301C62 /* OvercoolingViewController.swift */; };
		D47C4E981C76202300301C62 /* SimulationViewController.swift in Sources */ = {isa = PBXBuildFile; fileRef = D47C4E971C76202300301C62 /* SimulationViewController.swift */; };
		D47C4E9A1C7622BF00301C62 /* AccidentsTableViewCell.swift in Sources */ = {isa = PBXBuildFile; fileRef = D47C4E991C7622BF00301C62 /* AccidentsTableViewCell.swift */; };
		D47C4E9C1C7631E000301C62 /* ResultsViewController.swift in Sources */ = {isa = PBXBuildFile; fileRef = D47C4E9B1C7631E000301C62 /* ResultsViewController.swift */; };
		D48E3C191C7DEF8400F18462 /* UserSettings.swift in Sources */ = {isa = PBXBuildFile; fileRef = D48E3C181C7DEF8400F18462 /* UserSettings.swift */; };
		D48E3C1B1C7E5A3E00F18462 /* Constants.swift in Sources */ = {isa = PBXBuildFile; fileRef = D48E3C1A1C7E5A3E00F18462 /* Constants.swift */; };
		D48E3C1D1C7E5AB500F18462 /* Material.swift in Sources */ = {isa = PBXBuildFile; fileRef = D48E3C1C1C7E5AB500F18462 /* Material.swift */; };
		D48E3C1F1C7E5B0500F18462 /* Fuel.swift in Sources */ = {isa = PBXBuildFile; fileRef = D48E3C1E1C7E5B0500F18462 /* Fuel.swift */; };
		D48E3C211C7E5B6D00F18462 /* GapGas.swift in Sources */ = {isa = PBXBuildFile; fileRef = D48E3C201C7E5B6D00F18462 /* GapGas.swift */; };
		D48E3C231C7E5B9D00F18462 /* Cladding.swift in Sources */ = {isa = PBXBuildFile; fileRef = D48E3C221C7E5B9D00F18462 /* Cladding.swift */; };
		D48E3C251C7E5BCE00F18462 /* Coolant.swift in Sources */ = {isa = PBXBuildFile; fileRef = D48E3C241C7E5BCE00F18462 /* Coolant.swift */; };
		D48E3C271C7E5FE900F18462 /* Reactor.swift in Sources */ = {isa = PBXBuildFile; fileRef = D48E3C261C7E5FE900F18462 /* Reactor.swift */; };
		D48E3C291C7E7E9800F18462 /* Observables.swift in Sources */ = {isa = PBXBuildFile; fileRef = D48E3C281C7E7E9800F18462 /* Observables.swift */; };
/* End PBXBuildFile section */

/* Begin PBXContainerItemProxy section */
		D47C4E7F1C760ECB00301C62 /* PBXContainerItemProxy */ = {
			isa = PBXContainerItemProxy;
			containerPortal = D47C4E621C760ECB00301C62 /* Project object */;
			proxyType = 1;
			remoteGlobalIDString = D47C4E691C760ECB00301C62;
			remoteInfo = RTS;
		};
/* End PBXContainerItemProxy section */

/* Begin PBXFileReference section */
		D4054AEC1C76AEEA00AB3D8A /* MessageUI.framework */ = {isa = PBXFileReference; lastKnownFileType = wrapper.framework; name = MessageUI.framework; path = System/Library/Frameworks/MessageUI.framework; sourceTree = SDKROOT; };
		D47C4E6A1C760ECB00301C62 /* MAXSIMA Simulator.app */ = {isa = PBXFileReference; explicitFileType = wrapper.application; includeInIndex = 0; path = "MAXSIMA Simulator.app"; sourceTree = BUILT_PRODUCTS_DIR; };
		D47C4E6D1C760ECB00301C62 /* AppDelegate.swift */ = {isa = PBXFileReference; lastKnownFileType = sourcecode.swift; path = AppDelegate.swift; sourceTree = "<group>"; };
		D47C4E6F1C760ECB00301C62 /* WelcomeViewController.swift */ = {isa = PBXFileReference; lastKnownFileType = sourcecode.swift; path = WelcomeViewController.swift; sourceTree = "<group>"; };
		D47C4E721C760ECB00301C62 /* Base */ = {isa = PBXFileReference; lastKnownFileType = file.storyboard; name = Base; path = Base.lproj/Main.storyboard; sourceTree = "<group>"; };
		D47C4E741C760ECB00301C62 /* Assets.xcassets */ = {isa = PBXFileReference; lastKnownFileType = folder.assetcatalog; path = Assets.xcassets; sourceTree = "<group>"; };
		D47C4E771C760ECB00301C62 /* Base */ = {isa = PBXFileReference; lastKnownFileType = file.storyboard; name = Base; path = Base.lproj/LaunchScreen.storyboard; sourceTree = "<group>"; };
		D47C4E791C760ECB00301C62 /* Info.plist */ = {isa = PBXFileReference; lastKnownFileType = text.plist.xml; path = Info.plist; sourceTree = "<group>"; };
		D47C4E7E1C760ECB00301C62 /* MAXSIMA Simulator.xctest */ = {isa = PBXFileReference; explicitFileType = wrapper.cfbundle; includeInIndex = 0; path = "MAXSIMA Simulator.xctest"; sourceTree = BUILT_PRODUCTS_DIR; };
		D47C4E821C760ECB00301C62 /* RTSTests.swift */ = {isa = PBXFileReference; lastKnownFileType = sourcecode.swift; path = RTSTests.swift; sourceTree = "<group>"; };
		D47C4E841C760ECB00301C62 /* Info.plist */ = {isa = PBXFileReference; lastKnownFileType = text.plist.xml; path = Info.plist; sourceTree = "<group>"; };
		D47C4E8D1C760F1C00301C62 /* ReactivityViewController.swift */ = {isa = PBXFileReference; fileEncoding = 4; lastKnownFileType = sourcecode.swift; path = ReactivityViewController.swift; sourceTree = "<group>"; };
		D47C4E8F1C76197E00301C62 /* AccidentsTableViewController.swift */ = {isa = PBXFileReference; fileEncoding = 4; lastKnownFileType = sourcecode.swift; path = AccidentsTableViewController.swift; sourceTree = "<group>"; };
		D47C4E911C761C8300301C62 /* UtopViewController.swift */ = {isa = PBXFileReference; fileEncoding = 4; lastKnownFileType = sourcecode.swift; path = UtopViewController.swift; sourceTree = "<group>"; };
		D47C4E931C761CA500301C62 /* UlohsViewController.swift */ = {isa = PBXFileReference; fileEncoding = 4; lastKnownFileType = sourcecode.swift; path = UlohsViewController.swift; sourceTree = "<group>"; };
		D47C4E951C761CBB00301C62 /* OvercoolingViewController.swift */ = {isa = PBXFileReference; fileEncoding = 4; lastKnownFileType = sourcecode.swift; path = OvercoolingViewController.swift; sourceTree = "<group>"; };
		D47C4E971C76202300301C62 /* SimulationViewController.swift */ = {isa = PBXFileReference; fileEncoding = 4; lastKnownFileType = sourcecode.swift; path = SimulationViewController.swift; sourceTree = "<group>"; };
		D47C4E991C7622BF00301C62 /* AccidentsTableViewCell.swift */ = {isa = PBXFileReference; fileEncoding = 4; lastKnownFileType = sourcecode.swift; path = AccidentsTableViewCell.swift; sourceTree = "<group>"; };
		D47C4E9B1C7631E000301C62 /* ResultsViewController.swift */ = {isa = PBXFileReference; fileEncoding = 4; lastKnownFileType = sourcecode.swift; path = ResultsViewController.swift; sourceTree = "<group>"; };
		D48E3C181C7DEF8400F18462 /* UserSettings.swift */ = {isa = PBXFileReference; fileEncoding = 4; lastKnownFileType = sourcecode.swift; path = UserSettings.swift; sourceTree = "<group>"; };
		D48E3C1A1C7E5A3E00F18462 /* Constants.swift */ = {isa = PBXFileReference; fileEncoding = 4; lastKnownFileType = sourcecode.swift; path = Constants.swift; sourceTree = "<group>"; };
		D48E3C1C1C7E5AB500F18462 /* Material.swift */ = {isa = PBXFileReference; fileEncoding = 4; lastKnownFileType = sourcecode.swift; path = Material.swift; sourceTree = "<group>"; };
		D48E3C1E1C7E5B0500F18462 /* Fuel.swift */ = {isa = PBXFileReference; fileEncoding = 4; lastKnownFileType = sourcecode.swift; path = Fuel.swift; sourceTree = "<group>"; };
		D48E3C201C7E5B6D00F18462 /* GapGas.swift */ = {isa = PBXFileReference; fileEncoding = 4; lastKnownFileType = sourcecode.swift; path = GapGas.swift; sourceTree = "<group>"; };
		D48E3C221C7E5B9D00F18462 /* Cladding.swift */ = {isa = PBXFileReference; fileEncoding = 4; lastKnownFileType = sourcecode.swift; path = Cladding.swift; sourceTree = "<group>"; };
		D48E3C241C7E5BCE00F18462 /* Coolant.swift */ = {isa = PBXFileReference; fileEncoding = 4; lastKnownFileType = sourcecode.swift; path = Coolant.swift; sourceTree = "<group>"; };
		D48E3C261C7E5FE900F18462 /* Reactor.swift */ = {isa = PBXFileReference; fileEncoding = 4; lastKnownFileType = sourcecode.swift; path = Reactor.swift; sourceTree = "<group>"; };
		D48E3C281C7E7E9800F18462 /* Observables.swift */ = {isa = PBXFileReference; fileEncoding = 4; lastKnownFileType = sourcecode.swift; path = Observables.swift; sourceTree = "<group>"; };
/* End PBXFileReference section */

/* Begin PBXFrameworksBuildPhase section */
		D47C4E671C760ECB00301C62 /* Frameworks */ = {
			isa = PBXFrameworksBuildPhase;
			buildActionMask = 2147483647;
			files = (
				D4054AED1C76AEEA00AB3D8A /* MessageUI.framework in Frameworks */,
			);
			runOnlyForDeploymentPostprocessing = 0;
		};
		D47C4E7B1C760ECB00301C62 /* Frameworks */ = {
			isa = PBXFrameworksBuildPhase;
			buildActionMask = 2147483647;
			files = (
			);
			runOnlyForDeploymentPostprocessing = 0;
		};
/* End PBXFrameworksBuildPhase section */

/* Begin PBXGroup section */
		D47C4E611C760ECB00301C62 = {
			isa = PBXGroup;
			children = (
				D48E3C261C7E5FE900F18462 /* Reactor.swift */,
				D48E3C281C7E7E9800F18462 /* Observables.swift */,
				D48E3C241C7E5BCE00F18462 /* Coolant.swift */,
				D48E3C221C7E5B9D00F18462 /* Cladding.swift */,
				D48E3C201C7E5B6D00F18462 /* GapGas.swift */,
				D48E3C1E1C7E5B0500F18462 /* Fuel.swift */,
				D48E3C1C1C7E5AB500F18462 /* Material.swift */,
				D48E3C1A1C7E5A3E00F18462 /* Constants.swift */,
				D48E3C181C7DEF8400F18462 /* UserSettings.swift */,
				D4054AEC1C76AEEA00AB3D8A /* MessageUI.framework */,
				D47C4E6C1C760ECB00301C62 /* RTS */,
				D47C4E811C760ECB00301C62 /* RTSTests */,
				D47C4E6B1C760ECB00301C62 /* Products */,
			);
			sourceTree = "<group>";
		};
		D47C4E6B1C760ECB00301C62 /* Products */ = {
			isa = PBXGroup;
			children = (
				D47C4E6A1C760ECB00301C62 /* MAXSIMA Simulator.app */,
				D47C4E7E1C760ECB00301C62 /* MAXSIMA Simulator.xctest */,
			);
			name = Products;
			sourceTree = "<group>";
		};
		D47C4E6C1C760ECB00301C62 /* RTS */ = {
			isa = PBXGroup;
			children = (
				D47C4E6D1C760ECB00301C62 /* AppDelegate.swift */,
				D47C4E6F1C760ECB00301C62 /* WelcomeViewController.swift */,
				D47C4E8D1C760F1C00301C62 /* ReactivityViewController.swift */,
				D47C4E711C760ECB00301C62 /* Main.storyboard */,
				D47C4E9B1C7631E000301C62 /* ResultsViewController.swift */,
				D47C4E991C7622BF00301C62 /* AccidentsTableViewCell.swift */,
				D47C4E971C76202300301C62 /* SimulationViewController.swift */,
				D47C4E911C761C8300301C62 /* UtopViewController.swift */,
				D47C4E931C761CA500301C62 /* UlohsViewController.swift */,
				D47C4E951C761CBB00301C62 /* OvercoolingViewController.swift */,
				D47C4E8F1C76197E00301C62 /* AccidentsTableViewController.swift */,
				D47C4E741C760ECB00301C62 /* Assets.xcassets */,
				D47C4E761C760ECB00301C62 /* LaunchScreen.storyboard */,
				D47C4E791C760ECB00301C62 /* Info.plist */,
			);
			path = RTS;
			sourceTree = "<group>";
		};
		D47C4E811C760ECB00301C62 /* RTSTests */ = {
			isa = PBXGroup;
			children = (
				D47C4E821C760ECB00301C62 /* RTSTests.swift */,
				D47C4E841C760ECB00301C62 /* Info.plist */,
			);
			path = RTSTests;
			sourceTree = "<group>";
		};
/* End PBXGroup section */

/* Begin PBXNativeTarget section */
		D47C4E691C760ECB00301C62 /* MAXSIMA Simulator */ = {
			isa = PBXNativeTarget;
			buildConfigurationList = D47C4E871C760ECB00301C62 /* Build configuration list for PBXNativeTarget "MAXSIMA Simulator" */;
			buildPhases = (
				D47C4E661C760ECB00301C62 /* Sources */,
				D47C4E671C760ECB00301C62 /* Frameworks */,
				D47C4E681C760ECB00301C62 /* Resources */,
			);
			buildRules = (
			);
			dependencies = (
			);
			name = "MAXSIMA Simulator";
			productName = RTS;
			productReference = D47C4E6A1C760ECB00301C62 /* MAXSIMA Simulator.app */;
			productType = "com.apple.product-type.application";
		};
		D47C4E7D1C760ECB00301C62 /* MAXSIMA SimulatorTests */ = {
			isa = PBXNativeTarget;
			buildConfigurationList = D47C4E8A1C760ECB00301C62 /* Build configuration list for PBXNativeTarget "MAXSIMA SimulatorTests" */;
			buildPhases = (
				D47C4E7A1C760ECB00301C62 /* Sources */,
				D47C4E7B1C760ECB00301C62 /* Frameworks */,
				D47C4E7C1C760ECB00301C62 /* Resources */,
			);
			buildRules = (
			);
			dependencies = (
				D47C4E801C760ECB00301C62 /* PBXTargetDependency */,
			);
			name = "MAXSIMA SimulatorTests";
			productName = RTSTests;
			productReference = D47C4E7E1C760ECB00301C62 /* MAXSIMA Simulator.xctest */;
			productType = "com.apple.product-type.bundle.unit-test";
		};
/* End PBXNativeTarget section */

/* Begin PBXProject section */
		D47C4E621C760ECB00301C62 /* Project object */ = {
			isa = PBXProject;
			attributes = {
				LastSwiftUpdateCheck = 0720;
				LastUpgradeCheck = 0720;
				ORGANIZATIONNAME = "KTH Royal Institute of Technology";
				TargetAttributes = {
					D47C4E691C760ECB00301C62 = {
						CreatedOnToolsVersion = 7.2.1;
						DevelopmentTeam = VU2276ZU78;
					};
					D47C4E7D1C760ECB00301C62 = {
						CreatedOnToolsVersion = 7.2.1;
						TestTargetID = D47C4E691C760ECB00301C62;
					};
				};
			};
			buildConfigurationList = D47C4E651C760ECB00301C62 /* Build configuration list for PBXProject "MAXSIMA Simulator" */;
			compatibilityVersion = "Xcode 3.2";
			developmentRegion = English;
			hasScannedForEncodings = 0;
			knownRegions = (
				en,
				Base,
			);
			mainGroup = D47C4E611C760ECB00301C62;
			productRefGroup = D47C4E6B1C760ECB00301C62 /* Products */;
			projectDirPath = "";
			projectRoot = "";
			targets = (
				D47C4E691C760ECB00301C62 /* MAXSIMA Simulator */,
				D47C4E7D1C760ECB00301C62 /* MAXSIMA SimulatorTests */,
			);
		};
/* End PBXProject section */

/* Begin PBXResourcesBuildPhase section */
		D47C4E681C760ECB00301C62 /* Resources */ = {
			isa = PBXResourcesBuildPhase;
			buildActionMask = 2147483647;
			files = (
				D47C4E781C760ECB00301C62 /* LaunchScreen.storyboard in Resources */,
				D47C4E751C760ECB00301C62 /* Assets.xcassets in Resources */,
				D47C4E731C760ECB00301C62 /* Main.storyboard in Resources */,
			);
			runOnlyForDeploymentPostprocessing = 0;
		};
		D47C4E7C1C760ECB00301C62 /* Resources */ = {
			isa = PBXResourcesBuildPhase;
			buildActionMask = 2147483647;
			files = (
			);
			runOnlyForDeploymentPostprocessing = 0;
		};
/* End PBXResourcesBuildPhase section */

/* Begin PBXSourcesBuildPhase section */
		D47C4E661C760ECB00301C62 /* Sources */ = {
			isa = PBXSourcesBuildPhase;
			buildActionMask = 2147483647;
			files = (
				D48E3C291C7E7E9800F18462 /* Observables.swift in Sources */,
				D48E3C1D1C7E5AB500F18462 /* Material.swift in Sources */,
				D47C4E701C760ECB00301C62 /* WelcomeViewController.swift in Sources */,
				D47C4E6E1C760ECB00301C62 /* AppDelegate.swift in Sources */,
				D47C4E941C761CA500301C62 /* UlohsViewController.swift in Sources */,
				D48E3C271C7E5FE900F18462 /* Reactor.swift in Sources */,
				D47C4E9C1C7631E000301C62 /* ResultsViewController.swift in Sources */,
				D48E3C191C7DEF8400F18462 /* UserSettings.swift in Sources */,
				D47C4E901C76197E00301C62 /* AccidentsTableViewController.swift in Sources */,
				D48E3C1F1C7E5B0500F18462 /* Fuel.swift in Sources */,
				D47C4E961C761CBB00301C62 /* OvercoolingViewController.swift in Sources */,
				D47C4E981C76202300301C62 /* SimulationViewController.swift in Sources */,
				D48E3C211C7E5B6D00F18462 /* GapGas.swift in Sources */,
				D47C4E9A1C7622BF00301C62 /* AccidentsTableViewCell.swift in Sources */,
				D48E3C251C7E5BCE00F18462 /* Coolant.swift in Sources */,
				D47C4E8E1C760F1C00301C62 /* ReactivityViewController.swift in Sources */,
				D47C4E921C761C8300301C62 /* UtopViewController.swift in Sources */,
				D48E3C1B1C7E5A3E00F18462 /* Constants.swift in Sources */,
				D48E3C231C7E5B9D00F18462 /* Cladding.swift in Sources */,
			);
			runOnlyForDeploymentPostprocessing = 0;
		};
		D47C4E7A1C760ECB00301C62 /* Sources */ = {
			isa = PBXSourcesBuildPhase;
			buildActionMask = 2147483647;
			files = (
				D47C4E831C760ECB00301C62 /* RTSTests.swift in Sources */,
			);
			runOnlyForDeploymentPostprocessing = 0;
		};
/* End PBXSourcesBuildPhase section */

/* Begin PBXTargetDependency section */
		D47C4E801C760ECB00301C62 /* PBXTargetDependency */ = {
			isa = PBXTargetDependency;
			target = D47C4E691C760ECB00301C62 /* MAXSIMA Simulator */;
			targetProxy = D47C4E7F1C760ECB00301C62 /* PBXContainerItemProxy */;
		};
/* End PBXTargetDependency section */

/* Begin PBXVariantGroup section */
		D47C4E711C760ECB00301C62 /* Main.storyboard */ = {
			isa = PBXVariantGroup;
			children = (
				D47C4E721C760ECB00301C62 /* Base */,
			);
			name = Main.storyboard;
			sourceTree = "<group>";
		};
		D47C4E761C760ECB00301C62 /* LaunchScreen.storyboard */ = {
			isa = PBXVariantGroup;
			children = (
				D47C4E771C760ECB00301C62 /* Base */,
			);
			name = LaunchScreen.storyboard;
			sourceTree = "<group>";
		};
/* End PBXVariantGroup section */

/* Begin XCBuildConfiguration section */
		D47C4E851C760ECB00301C62 /* Debug */ = {
			isa = XCBuildConfiguration;
			buildSettings = {
				ALWAYS_SEARCH_USER_PATHS = NO;
				CLANG_CXX_LANGUAGE_STANDARD = "gnu++0x";
				CLANG_CXX_LIBRARY = "libc++";
				CLANG_ENABLE_MODULES = YES;
				CLANG_ENABLE_OBJC_ARC = YES;
				CLANG_WARN_BOOL_CONVERSION = YES;
				CLANG_WARN_CONSTANT_CONVERSION = YES;
				CLANG_WARN_DIRECT_OBJC_ISA_USAGE = YES_ERROR;
				CLANG_WARN_EMPTY_BODY = YES;
				CLANG_WARN_ENUM_CONVERSION = YES;
				CLANG_WARN_INT_CONVERSION = YES;
				CLANG_WARN_OBJC_ROOT_CLASS = YES_ERROR;
				CLANG_WARN_UNREACHABLE_CODE = YES;
				CLANG_WARN__DUPLICATE_METHOD_MATCH = YES;
				"CODE_SIGN_IDENTITY[sdk=iphoneos*]" = "iPhone Developer";
				COPY_PHASE_STRIP = NO;
				DEBUG_INFORMATION_FORMAT = dwarf;
				ENABLE_STRICT_OBJC_MSGSEND = YES;
				ENABLE_TESTABILITY = YES;
				GCC_C_LANGUAGE_STANDARD = gnu99;
				GCC_DYNAMIC_NO_PIC = NO;
				GCC_NO_COMMON_BLOCKS = YES;
				GCC_OPTIMIZATION_LEVEL = 0;
				GCC_PREPROCESSOR_DEFINITIONS = (
					"DEBUG=1",
					"$(inherited)",
				);
				GCC_WARN_64_TO_32_BIT_CONVERSION = YES;
				GCC_WARN_ABOUT_RETURN_TYPE = YES_ERROR;
				GCC_WARN_UNDECLARED_SELECTOR = YES;
				GCC_WARN_UNINITIALIZED_AUTOS = YES_AGGRESSIVE;
				GCC_WARN_UNUSED_FUNCTION = YES;
				GCC_WARN_UNUSED_VARIABLE = YES;
				IPHONEOS_DEPLOYMENT_TARGET = 9.2;
				MTL_ENABLE_DEBUG_INFO = YES;
				ONLY_ACTIVE_ARCH = YES;
				SDKROOT = iphoneos;
				SWIFT_OPTIMIZATION_LEVEL = "-Onone";
				TARGETED_DEVICE_FAMILY = "1,2";
			};
			name = Debug;
		};
		D47C4E861C760ECB00301C62 /* Release */ = {
			isa = XCBuildConfiguration;
			buildSettings = {
				ALWAYS_SEARCH_USER_PATHS = NO;
				CLANG_CXX_LANGUAGE_STANDARD = "gnu++0x";
				CLANG_CXX_LIBRARY = "libc++";
				CLANG_ENABLE_MODULES = YES;
				CLANG_ENABLE_OBJC_ARC = YES;
				CLANG_WARN_BOOL_CONVERSION = YES;
				CLANG_WARN_CONSTANT_CONVERSION = YES;
				CLANG_WARN_DIRECT_OBJC_ISA_USAGE = YES_ERROR;
				CLANG_WARN_EMPTY_BODY = YES;
				CLANG_WARN_ENUM_CONVERSION = YES;
				CLANG_WARN_INT_CONVERSION = YES;
				CLANG_WARN_OBJC_ROOT_CLASS = YES_ERROR;
				CLANG_WARN_UNREACHABLE_CODE = YES;
				CLANG_WARN__DUPLICATE_METHOD_MATCH = YES;
				"CODE_SIGN_IDENTITY[sdk=iphoneos*]" = "iPhone Developer";
				COPY_PHASE_STRIP = NO;
				DEBUG_INFORMATION_FORMAT = "dwarf-with-dsym";
				ENABLE_NS_ASSERTIONS = NO;
				ENABLE_STRICT_OBJC_MSGSEND = YES;
				GCC_C_LANGUAGE_STANDARD = gnu99;
				GCC_NO_COMMON_BLOCKS = YES;
				GCC_WARN_64_TO_32_BIT_CONVERSION = YES;
				GCC_WARN_ABOUT_RETURN_TYPE = YES_ERROR;
				GCC_WARN_UNDECLARED_SELECTOR = YES;
				GCC_WARN_UNINITIALIZED_AUTOS = YES_AGGRESSIVE;
				GCC_WARN_UNUSED_FUNCTION = YES;
				GCC_WARN_UNUSED_VARIABLE = YES;
				IPHONEOS_DEPLOYMENT_TARGET = 9.2;
				MTL_ENABLE_DEBUG_INFO = NO;
				SDKROOT = iphoneos;
				TARGETED_DEVICE_FAMILY = "1,2";
				VALIDATE_PRODUCT = YES;
			};
			name = Release;
		};
		D47C4E881C760ECB00301C62 /* Debug */ = {
			isa = XCBuildConfiguration;
			buildSettings = {
				ASSETCATALOG_COMPILER_APPICON_NAME = AppIcon;
				CODE_SIGN_IDENTITY = "iPhone Developer";
				INFOPLIST_FILE = RTS/Info.plist;
				IPHONEOS_DEPLOYMENT_TARGET = 9.0;
				LD_RUNPATH_SEARCH_PATHS = "$(inherited) @executable_path/Frameworks";
				PRODUCT_BUNDLE_IDENTIFIER = KTH.RTS;
				PRODUCT_NAME = "MAXSIMA Simulator";
			};
			name = Debug;
		};
		D47C4E891C760ECB00301C62 /* Release */ = {
			isa = XCBuildConfiguration;
			buildSettings = {
				ASSETCATALOG_COMPILER_APPICON_NAME = AppIcon;
				CODE_SIGN_IDENTITY = "iPhone Developer";
				INFOPLIST_FILE = RTS/Info.plist;
				IPHONEOS_DEPLOYMENT_TARGET = 9.0;
				LD_RUNPATH_SEARCH_PATHS = "$(inherited) @executable_path/Frameworks";
				PRODUCT_BUNDLE_IDENTIFIER = KTH.RTS;
				PRODUCT_NAME = "MAXSIMA Simulator";
			};
			name = Release;
		};
		D47C4E8B1C760ECB00301C62 /* Debug */ = {
			isa = XCBuildConfiguration;
			buildSettings = {
				BUNDLE_LOADER = "$(TEST_HOST)";
				INFOPLIST_FILE = RTSTests/Info.plist;
				LD_RUNPATH_SEARCH_PATHS = "$(inherited) @executable_path/Frameworks @loader_path/Frameworks";
				PRODUCT_BUNDLE_IDENTIFIER = KTH.RTSTests;
				PRODUCT_NAME = "MAXSIMA Simulator";
				TEST_HOST = "$(BUILT_PRODUCTS_DIR)/MAXSIMA Simulator.app/MAXSIMA Simulator";
			};
			name = Debug;
		};
		D47C4E8C1C760ECB00301C62 /* Release */ = {
			isa = XCBuildConfiguration;
			buildSettings = {
				BUNDLE_LOADER = "$(TEST_HOST)";
				INFOPLIST_FILE = RTSTests/Info.plist;
				LD_RUNPATH_SEARCH_PATHS = "$(inherited) @executable_path/Frameworks @loader_path/Frameworks";
				PRODUCT_BUNDLE_IDENTIFIER = KTH.RTSTests;
				PRODUCT_NAME = "MAXSIMA Simulator";
				TEST_HOST = "$(BUILT_PRODUCTS_DIR)/MAXSIMA Simulator.app/MAXSIMA Simulator";
			};
			name = Release;
		};
/* End XCBuildConfiguration section */

/* Begin XCConfigurationList section */
		D47C4E651C760ECB00301C62 /* Build configuration list for PBXProject "MAXSIMA Simulator" */ = {
			isa = XCConfigurationList;
			buildConfigurations = (
				D47C4E851C760ECB00301C62 /* Debug */,
				D47C4E861C760ECB00301C62 /* Release */,
			);
			defaultConfigurationIsVisible = 0;
			defaultConfigurationName = Release;
		};
		D47C4E871C760ECB00301C62 /* Build configuration list for PBXNativeTarget "MAXSIMA Simulator" */ = {
			isa = XCConfigurationList;
			buildConfigurations = (
				D47C4E881C760ECB00301C62 /* Debug */,
				D47C4E891C760ECB00301C62 /* Release */,
			);
			defaultConfigurationIsVisible = 0;
			defaultConfigurationName = Release;
		};
		D47C4E8A1C760ECB00301C62 /* Build configuration list for PBXNativeTarget "MAXSIMA SimulatorTests" */ = {
			isa = XCConfigurationList;
			buildConfigurations = (
				D47C4E8B1C760ECB00301C62 /* Debug */,
				D47C4E8C1C760ECB00301C62 /* Release */,
			);
			defaultConfigurationIsVisible = 0;
			defaultConfigurationName = Release;
		};
/* End XCConfigurationList section */
	};
	rootObject = D47C4E621C760ECB00301C62 /* Project object */;
}
